// !$*UTF8*$!
{
	archiveVersion = 1;
	classes = {
	};
	objectVersion = 50;
	objects = {

/* Begin PBXBuildFile section */
		6F1A864626CA841300D56F5E /* main.m in Sources */ = {isa = PBXBuildFile; fileRef = 6F1A864526CA841300D56F5E /* main.m */; };
		6F1A864E26CA887D00D56F5E /* ClassInspector.m in Sources */ = {isa = PBXBuildFile; fileRef = 6F1A864D26CA887D00D56F5E /* ClassInspector.m */; };
		6F7C4B4326E72E4C00C87E6B /* SimpleTest1.m in Sources */ = {isa = PBXBuildFile; fileRef = 6F7C4B4226E72E4C00C87E6B /* SimpleTest1.m */; };
		6F7C4B4626E72EF700C87E6B /* PropertyTest.m in Sources */ = {isa = PBXBuildFile; fileRef = 6F7C4B4526E72EF700C87E6B /* PropertyTest.m */; };
		6F7C4B4926E73B9700C87E6B /* KVOTest.m in Sources */ = {isa = PBXBuildFile; fileRef = 6F7C4B4826E73B9700C87E6B /* KVOTest.m */; };
		6FB2B93C28BE2F4C0091A637 /* MethodSwizzling.m in Sources */ = {isa = PBXBuildFile; fileRef = 6FB2B93B28BE2F4C0091A637 /* MethodSwizzling.m */; };
/* End PBXBuildFile section */

/* Begin PBXCopyFilesBuildPhase section */
		6F1A864026CA841200D56F5E /* CopyFiles */ = {
			isa = PBXCopyFilesBuildPhase;
			buildActionMask = 2147483647;
			dstPath = /usr/share/man/man1/;
			dstSubfolderSpec = 0;
			files = (
			);
			runOnlyForDeploymentPostprocessing = 1;
		};
/* End PBXCopyFilesBuildPhase section */

/* Begin PBXFileReference section */
		6F1A864226CA841200D56F5E /* LearnOC */ = {isa = PBXFileReference; explicitFileType = "compiled.mach-o.executable"; includeInIndex = 0; path = LearnOC; sourceTree = BUILT_PRODUCTS_DIR; };
		6F1A864526CA841300D56F5E /* main.m */ = {isa = PBXFileReference; lastKnownFileType = sourcecode.c.objc; path = main.m; sourceTree = "<group>"; };
		6F1A864C26CA887D00D56F5E /* ClassInspector.h */ = {isa = PBXFileReference; lastKnownFileType = sourcecode.c.h; path = ClassInspector.h; sourceTree = "<group>"; };
		6F1A864D26CA887D00D56F5E /* ClassInspector.m */ = {isa = PBXFileReference; lastKnownFileType = sourcecode.c.objc; path = ClassInspector.m; sourceTree = "<group>"; };
		6F7C4B4126E72E4C00C87E6B /* SimpleTest1.h */ = {isa = PBXFileReference; lastKnownFileType = sourcecode.c.h; path = SimpleTest1.h; sourceTree = "<group>"; };
		6F7C4B4226E72E4C00C87E6B /* SimpleTest1.m */ = {isa = PBXFileReference; lastKnownFileType = sourcecode.c.objc; path = SimpleTest1.m; sourceTree = "<group>"; };
		6F7C4B4426E72EF700C87E6B /* PropertyTest.h */ = {isa = PBXFileReference; lastKnownFileType = sourcecode.c.h; path = PropertyTest.h; sourceTree = "<group>"; };
		6F7C4B4526E72EF700C87E6B /* PropertyTest.m */ = {isa = PBXFileReference; lastKnownFileType = sourcecode.c.objc; path = PropertyTest.m; sourceTree = "<group>"; };
		6F7C4B4726E73B9700C87E6B /* KVOTest.h */ = {isa = PBXFileReference; lastKnownFileType = sourcecode.c.h; path = KVOTest.h; sourceTree = "<group>"; };
		6F7C4B4826E73B9700C87E6B /* KVOTest.m */ = {isa = PBXFileReference; lastKnownFileType = sourcecode.c.objc; path = KVOTest.m; sourceTree = "<group>"; };
		6FB2B93A28BE2F4C0091A637 /* MethodSwizzling.h */ = {isa = PBXFileReference; lastKnownFileType = sourcecode.c.h; path = MethodSwizzling.h; sourceTree = "<group>"; };
		6FB2B93B28BE2F4C0091A637 /* MethodSwizzling.m */ = {isa = PBXFileReference; lastKnownFileType = sourcecode.c.objc; path = MethodSwizzling.m; sourceTree = "<group>"; };
/* End PBXFileReference section */

/* Begin PBXFrameworksBuildPhase section */
		6F1A863F26CA841200D56F5E /* Frameworks */ = {
			isa = PBXFrameworksBuildPhase;
			buildActionMask = 2147483647;
			files = (
			);
			runOnlyForDeploymentPostprocessing = 0;
		};
/* End PBXFrameworksBuildPhase section */

/* Begin PBXGroup section */
		6F1A863926CA841200D56F5E = {
			isa = PBXGroup;
			children = (
				6F1A864426CA841200D56F5E /* LearnOC */,
				6F1A864326CA841200D56F5E /* Products */,
			);
			sourceTree = "<group>";
		};
		6F1A864326CA841200D56F5E /* Products */ = {
			isa = PBXGroup;
			children = (
				6F1A864226CA841200D56F5E /* LearnOC */,
			);
			name = Products;
			sourceTree = "<group>";
		};
		6F1A864426CA841200D56F5E /* LearnOC */ = {
			isa = PBXGroup;
			children = (
				6F1A864526CA841300D56F5E /* main.m */,
				6F1A864C26CA887D00D56F5E /* ClassInspector.h */,
				6F1A864D26CA887D00D56F5E /* ClassInspector.m */,
				6F7C4B4126E72E4C00C87E6B /* SimpleTest1.h */,
				6F7C4B4226E72E4C00C87E6B /* SimpleTest1.m */,
				6F7C4B4426E72EF700C87E6B /* PropertyTest.h */,
				6F7C4B4526E72EF700C87E6B /* PropertyTest.m */,
				6F7C4B4726E73B9700C87E6B /* KVOTest.h */,
				6F7C4B4826E73B9700C87E6B /* KVOTest.m */,
				6FB2B93A28BE2F4C0091A637 /* MethodSwizzling.h */,
				6FB2B93B28BE2F4C0091A637 /* MethodSwizzling.m */,
			);
			path = LearnOC;
			sourceTree = "<group>";
		};
/* End PBXGroup section */

/* Begin PBXNativeTarget section */
		6F1A864126CA841200D56F5E /* LearnOC */ = {
			isa = PBXNativeTarget;
			buildConfigurationList = 6F1A864926CA841300D56F5E /* Build configuration list for PBXNativeTarget "LearnOC" */;
			buildPhases = (
				6F1A863E26CA841200D56F5E /* Sources */,
				6F1A863F26CA841200D56F5E /* Frameworks */,
				6F1A864026CA841200D56F5E /* CopyFiles */,
			);
			buildRules = (
			);
			dependencies = (
			);
			name = LearnOC;
			productName = LearnOC;
			productReference = 6F1A864226CA841200D56F5E /* LearnOC */;
			productType = "com.apple.product-type.tool";
		};
/* End PBXNativeTarget section */

/* Begin PBXProject section */
		6F1A863A26CA841200D56F5E /* Project object */ = {
			isa = PBXProject;
			attributes = {
				LastUpgradeCheck = 1250;
				TargetAttributes = {
					6F1A864126CA841200D56F5E = {
						CreatedOnToolsVersion = 12.5.1;
					};
				};
			};
			buildConfigurationList = 6F1A863D26CA841200D56F5E /* Build configuration list for PBXProject "LearnOC" */;
			compatibilityVersion = "Xcode 9.3";
			developmentRegion = en;
			hasScannedForEncodings = 0;
			knownRegions = (
				en,
				Base,
			);
			mainGroup = 6F1A863926CA841200D56F5E;
			productRefGroup = 6F1A864326CA841200D56F5E /* Products */;
			projectDirPath = "";
			projectRoot = "";
			targets = (
				6F1A864126CA841200D56F5E /* LearnOC */,
			);
		};
/* End PBXProject section */

/* Begin PBXSourcesBuildPhase section */
		6F1A863E26CA841200D56F5E /* Sources */ = {
			isa = PBXSourcesBuildPhase;
			buildActionMask = 2147483647;
			files = (
				6F1A864E26CA887D00D56F5E /* ClassInspector.m in Sources */,
				6F1A864626CA841300D56F5E /* main.m in Sources */,
				6F7C4B4626E72EF700C87E6B /* PropertyTest.m in Sources */,
				6F7C4B4926E73B9700C87E6B /* KVOTest.m in Sources */,
				6FB2B93C28BE2F4C0091A637 /* MethodSwizzling.m in Sources */,
				6F7C4B4326E72E4C00C87E6B /* SimpleTest1.m in Sources */,
			);
			runOnlyForDeploymentPostprocessing = 0;
		};
/* End PBXSourcesBuildPhase section */

/* Begin XCBuildConfiguration section */
		6F1A864726CA841300D56F5E /* Debug */ = {
			isa = XCBuildConfiguration;
			buildSettings = {
				ALWAYS_SEARCH_USER_PATHS = NO;
				CLANG_ANALYZER_NONNULL = YES;
				CLANG_ANALYZER_NUMBER_OBJECT_CONVERSION = YES_AGGRESSIVE;
				CLANG_CXX_LANGUAGE_STANDARD = "gnu++14";
				CLANG_CXX_LIBRARY = "libc++";
				CLANG_ENABLE_MODULES = YES;
				CLANG_ENABLE_OBJC_ARC = YES;
				CLANG_ENABLE_OBJC_WEAK = YES;
				CLANG_WARN_BLOCK_CAPTURE_AUTORELEASING = YES;
				CLANG_WARN_BOOL_CONVERSION = YES;
				CLANG_WARN_COMMA = YES;
				CLANG_WARN_CONSTANT_CONVERSION = YES;
				CLANG_WARN_DEPRECATED_OBJC_IMPLEMENTATIONS = YES;
				CLANG_WARN_DIRECT_OBJC_ISA_USAGE = YES_ERROR;
				CLANG_WARN_DOCUMENTATION_COMMENTS = YES;
				CLANG_WARN_EMPTY_BODY = YES;
				CLANG_WARN_ENUM_CONVERSION = YES;
				CLANG_WARN_INFINITE_RECURSION = YES;
				CLANG_WARN_INT_CONVERSION = YES;
				CLANG_WARN_NON_LITERAL_NULL_CONVERSION = YES;
				CLANG_WARN_OBJC_IMPLICIT_RETAIN_SELF = YES;
				CLANG_WARN_OBJC_LITERAL_CONVERSION = YES;
				CLANG_WARN_OBJC_ROOT_CLASS = YES_ERROR;
				CLANG_WARN_QUOTED_INCLUDE_IN_FRAMEWORK_HEADER = YES;
				CLANG_WARN_RANGE_LOOP_ANALYSIS = YES;
				CLANG_WARN_STRICT_PROTOTYPES = YES;
				CLANG_WARN_SUSPICIOUS_MOVE = YES;
				CLANG_WARN_UNGUARDED_AVAILABILITY = YES_AGGRESSIVE;
				CLANG_WARN_UNREACHABLE_CODE = YES;
				CLANG_WARN__DUPLICATE_METHOD_MATCH = YES;
				COPY_PHASE_STRIP = NO;
				DEBUG_INFORMATION_FORMAT = dwarf;
				ENABLE_STRICT_OBJC_MSGSEND = YES;
				ENABLE_TESTABILITY = YES;
				GCC_C_LANGUAGE_STANDARD = gnu11;
				GCC_DYNAMIC_NO_PIC = NO;
				GCC_NO_COMMON_BLOCKS = YES;
				GCC_OPTIMIZATION_LEVEL = 0;
				GCC_PREPROCESSOR_DEFINITIONS = (
					"DEBUG=1",
					"$(inherited)",
				);
				GCC_WARN_64_TO_32_BIT_CONVERSION = YES;
				GCC_WARN_ABOUT_RETURN_TYPE = YES_ERROR;
				GCC_WARN_UNDECLARED_SELECTOR = YES;
				GCC_WARN_UNINITIALIZED_AUTOS = YES_AGGRESSIVE;
				GCC_WARN_UNUSED_FUNCTION = YES;
				GCC_WARN_UNUSED_VARIABLE = YES;
				MACOSX_DEPLOYMENT_TARGET = 11.3;
				MTL_ENABLE_DEBUG_INFO = INCLUDE_SOURCE;
				MTL_FAST_MATH = YES;
				ONLY_ACTIVE_ARCH = YES;
				SDKROOT = macosx;
			};
			name = Debug;
		};
		6F1A864826CA841300D56F5E /* Release */ = {
			isa = XCBuildConfiguration;
			buildSettings = {
				ALWAYS_SEARCH_USER_PATHS = NO;
				CLANG_ANALYZER_NONNULL = YES;
				CLANG_ANALYZER_NUMBER_OBJECT_CONVERSION = YES_AGGRESSIVE;
				CLANG_CXX_LANGUAGE_STANDARD = "gnu++14";
				CLANG_CXX_LIBRARY = "libc++";
				CLANG_ENABLE_MODULES = YES;
				CLANG_ENABLE_OBJC_ARC = YES;
				CLANG_ENABLE_OBJC_WEAK = YES;
				CLANG_WARN_BLOCK_CAPTURE_AUTORELEASING = YES;
				CLANG_WARN_BOOL_CONVERSION = YES;
				CLANG_WARN_COMMA = YES;
				CLANG_WARN_CONSTANT_CONVERSION = YES;
				CLANG_WARN_DEPRECATED_OBJC_IMPLEMENTATIONS = YES;
				CLANG_WARN_DIRECT_OBJC_ISA_USAGE = YES_ERROR;
				CLANG_WARN_DOCUMENTATION_COMMENTS = YES;
				CLANG_WARN_EMPTY_BODY = YES;
				CLANG_WARN_ENUM_CONVERSION = YES;
				CLANG_WARN_INFINITE_RECURSION = YES;
				CLANG_WARN_INT_CONVERSION = YES;
				CLANG_WARN_NON_LITERAL_NULL_CONVERSION = YES;
				CLANG_WARN_OBJC_IMPLICIT_RETAIN_SELF = YES;
				CLANG_WARN_OBJC_LITERAL_CONVERSION = YES;
				CLANG_WARN_OBJC_ROOT_CLASS = YES_ERROR;
				CLANG_WARN_QUOTED_INCLUDE_IN_FRAMEWORK_HEADER = YES;
				CLANG_WARN_RANGE_LOOP_ANALYSIS = YES;
				CLANG_WARN_STRICT_PROTOTYPES = YES;
				CLANG_WARN_SUSPICIOUS_MOVE = YES;
				CLANG_WARN_UNGUARDED_AVAILABILITY = YES_AGGRESSIVE;
				CLANG_WARN_UNREACHABLE_CODE = YES;
				CLANG_WARN__DUPLICATE_METHOD_MATCH = YES;
				COPY_PHASE_STRIP = NO;
				DEBUG_INFORMATION_FORMAT = "dwarf-with-dsym";
				ENABLE_NS_ASSERTIONS = NO;
				ENABLE_STRICT_OBJC_MSGSEND = YES;
				GCC_C_LANGUAGE_STANDARD = gnu11;
				GCC_NO_COMMON_BLOCKS = YES;
				GCC_WARN_64_TO_32_BIT_CONVERSION = YES;
				GCC_WARN_ABOUT_RETURN_TYPE = YES_ERROR;
				GCC_WARN_UNDECLARED_SELECTOR = YES;
				GCC_WARN_UNINITIALIZED_AUTOS = YES_AGGRESSIVE;
				GCC_WARN_UNUSED_FUNCTION = YES;
				GCC_WARN_UNUSED_VARIABLE = YES;
				MACOSX_DEPLOYMENT_TARGET = 11.3;
				MTL_ENABLE_DEBUG_INFO = NO;
				MTL_FAST_MATH = YES;
				SDKROOT = macosx;
			};
			name = Release;
		};
		6F1A864A26CA841300D56F5E /* Debug */ = {
			isa = XCBuildConfiguration;
			buildSettings = {
				CODE_SIGN_STYLE = Automatic;
				PRODUCT_NAME = "$(TARGET_NAME)";
			};
			name = Debug;
		};
		6F1A864B26CA841300D56F5E /* Release */ = {
			isa = XCBuildConfiguration;
			buildSettings = {
				CODE_SIGN_STYLE = Automatic;
				PRODUCT_NAME = "$(TARGET_NAME)";
			};
			name = Release;
		};
/* End XCBuildConfiguration section */

/* Begin XCConfigurationList section */
		6F1A863D26CA841200D56F5E /* Build configuration list for PBXProject "LearnOC" */ = {
			isa = XCConfigurationList;
			buildConfigurations = (
				6F1A864726CA841300D56F5E /* Debug */,
				6F1A864826CA841300D56F5E /* Release */,
			);
			defaultConfigurationIsVisible = 0;
			defaultConfigurationName = Release;
		};
		6F1A864926CA841300D56F5E /* Build configuration list for PBXNativeTarget "LearnOC" */ = {
			isa = XCConfigurationList;
			buildConfigurations = (
				6F1A864A26CA841300D56F5E /* Debug */,
				6F1A864B26CA841300D56F5E /* Release */,
			);
			defaultConfigurationIsVisible = 0;
			defaultConfigurationName = Release;
		};
/* End XCConfigurationList section */
	};
	rootObject = 6F1A863A26CA841200D56F5E /* Project object */;
}
